
Microsoft Visual Studio Solution File, Format Version 12.00
# Visual Studio Version 17
VisualStudioVersion = 17.14.36623.8 d17.14
MinimumVisualStudioVersion = 10.0.40219.1
Project("{FAE04EC0-301F-11D3-BF4B-00C04F79EFBC}") = "LoginShield", "LoginShield\LoginShield.csproj", "{3FAB77B1-8CBA-4D0F-B1DC-49093DE8FB8D}"
EndProject
Project("{FAE04EC0-301F-11D3-BF4B-00C04F79EFBC}") = "LoginShield.Tests", "LoginShield.Tests\LoginShield.Tests.csproj", "{EC7D4F53-B384-400F-A70D-B7C79BA53EF8}"
EndProject
Global
	GlobalSection(SolutionConfigurationPlatforms) = preSolution
		Debug|Any CPU = Debug|Any CPU
		Release|Any CPU = Release|Any CPU
	EndGlobalSection
	GlobalSection(ProjectConfigurationPlatforms) = postSolution
		{3FAB77B1-8CBA-4D0F-B1DC-49093DE8FB8D}.Debug|Any CPU.ActiveCfg = Debug|Any CPU
		{3FAB77B1-8CBA-4D0F-B1DC-49093DE8FB8D}.Debug|Any CPU.Build.0 = Debug|Any CPU
		{3FAB77B1-8CBA-4D0F-B1DC-49093DE8FB8D}.Release|Any CPU.ActiveCfg = Release|Any CPU
		{3FAB77B1-8CBA-4D0F-B1DC-49093DE8FB8D}.Release|Any CPU.Build.0 = Release|Any CPU
		{EC7D4F53-B384-400F-A70D-B7C79BA53EF8}.Debug|Any CPU.ActiveCfg = Debug|Any CPU
		{EC7D4F53-B384-400F-A70D-B7C79BA53EF8}.Debug|Any CPU.Build.0 = Debug|Any CPU
		{EC7D4F53-B384-400F-A70D-B7C79BA53EF8}.Release|Any CPU.ActiveCfg = Release|Any CPU
		{EC7D4F53-B384-400F-A70D-B7C79BA53EF8}.Release|Any CPU.Build.0 = Release|Any CPU
	EndGlobalSection
	GlobalSection(SolutionProperties) = preSolution
		HideSolutionNode = FALSE
	EndGlobalSection
	GlobalSection(ExtensibilityGlobals) = postSolution
		SolutionGuid = {C4E9356C-D1B1-479D-9B84-15571D09379C}
	EndGlobalSection
EndGlobal
